
Microsoft Visual Studio Solution File, Format Version 12.00
# Visual Studio Version 16
VisualStudioVersion = 16.0.31105.61
MinimumVisualStudioVersion = 10.0.40219.1
Project("{FAE04EC0-301F-11D3-BF4B-00C04F79EFBC}") = "Projektni_Zadatak_03_Vjezbe", "Projektni_Zadatak_03_Vjezbe.csproj", "{1A125611-AB40-4DC4-9E56-5CA4150B115F}"
EndProject
Global
	GlobalSection(SolutionConfigurationPlatforms) = preSolution
		Debug|Any CPU = Debug|Any CPU
		Release|Any CPU = Release|Any CPU
	EndGlobalSection
	GlobalSection(ProjectConfigurationPlatforms) = postSolution
		{1A125611-AB40-4DC4-9E56-5CA4150B115F}.Debug|Any CPU.ActiveCfg = Debug|Any CPU
		{1A125611-AB40-4DC4-9E56-5CA4150B115F}.Debug|Any CPU.Build.0 = Debug|Any CPU
		{1A125611-AB40-4DC4-9E56-5CA4150B115F}.Release|Any CPU.ActiveCfg = Release|Any CPU
		{1A125611-AB40-4DC4-9E56-5CA4150B115F}.Release|Any CPU.Build.0 = Release|Any CPU
	EndGlobalSection
	GlobalSection(SolutionProperties) = preSolution
		HideSolutionNode = FALSE
	EndGlobalSection
	GlobalSection(ExtensibilityGlobals) = postSolution
		SolutionGuid = {45FF744F-C353-41BB-B247-67FC9922CA29}
	EndGlobalSection
EndGlobal
